// !$*UTF8*$!
{
	archiveVersion = 1;
	classes = {
	};
	objectVersion = 56;
	objects = {

/* Begin PBXBuildFile section */
		33198E052C95FF8D00CC5BFE /* AppDelegate.swift in Sources */ = {isa = PBXBuildFile; fileRef = 33198E042C95FF8D00CC5BFE /* AppDelegate.swift */; };
		33198E072C95FF8D00CC5BFE /* SceneDelegate.swift in Sources */ = {isa = PBXBuildFile; fileRef = 33198E062C95FF8D00CC5BFE /* SceneDelegate.swift */; };
		33198E0C2C95FF8D00CC5BFE /* Base in Resources */ = {isa = PBXBuildFile; fileRef = 33198E0B2C95FF8D00CC5BFE /* Base */; };
		33198E0E2C95FF8F00CC5BFE /* Assets.xcassets in Resources */ = {isa = PBXBuildFile; fileRef = 33198E0D2C95FF8F00CC5BFE /* Assets.xcassets */; };
		33198E112C95FF8F00CC5BFE /* Base in Resources */ = {isa = PBXBuildFile; fileRef = 33198E102C95FF8F00CC5BFE /* Base */; };
		33198E1C2C95FF8F00CC5BFE /* MoviesAppTests.swift in Sources */ = {isa = PBXBuildFile; fileRef = 33198E1B2C95FF8F00CC5BFE /* MoviesAppTests.swift */; };
		33198E262C95FF8F00CC5BFE /* MoviesAppUITests.swift in Sources */ = {isa = PBXBuildFile; fileRef = 33198E252C95FF8F00CC5BFE /* MoviesAppUITests.swift */; };
		33198E282C95FF8F00CC5BFE /* MoviesAppUITestsLaunchTests.swift in Sources */ = {isa = PBXBuildFile; fileRef = 33198E272C95FF8F00CC5BFE /* MoviesAppUITestsLaunchTests.swift */; };
		334B1EA02C967DFF00CD65CC /* MoviesTableViewCell.swift in Sources */ = {isa = PBXBuildFile; fileRef = 334B1E9F2C967DFF00CD65CC /* MoviesTableViewCell.swift */; };
		334B1EA22C967E1900CD65CC /* Constants.swift in Sources */ = {isa = PBXBuildFile; fileRef = 334B1EA12C967E1900CD65CC /* Constants.swift */; };
		334B1EA42C967E2600CD65CC /* Model.swift in Sources */ = {isa = PBXBuildFile; fileRef = 334B1EA32C967E2600CD65CC /* Model.swift */; };
		334B1EA82C96862300CD65CC /* MovieDetailsViewController.swift in Sources */ = {isa = PBXBuildFile; fileRef = 334B1EA72C96862300CD65CC /* MovieDetailsViewController.swift */; };
		334B1EAA2C96873200CD65CC /* SplashViewController.swift in Sources */ = {isa = PBXBuildFile; fileRef = 334B1EA92C96873200CD65CC /* SplashViewController.swift */; };
		337F02DC2C96A94A00E68EB1 /* MovieListViewController.swift in Sources */ = {isa = PBXBuildFile; fileRef = 337F02DB2C96A94A00E68EB1 /* MovieListViewController.swift */; };
		337F02DE2C96B5D400E68EB1 /* NetworkStatus.swift in Sources */ = {isa = PBXBuildFile; fileRef = 337F02DD2C96B5D400E68EB1 /* NetworkStatus.swift */; };
		337F02E02C96B71400E68EB1 /* FIOProgressView.swift in Sources */ = {isa = PBXBuildFile; fileRef = 337F02DF2C96B71400E68EB1 /* FIOProgressView.swift */; };
		337F02E32C96B79D00E68EB1 /* CustomAlert.swift in Sources */ = {isa = PBXBuildFile; fileRef = 337F02E22C96B79D00E68EB1 /* CustomAlert.swift */; };
		337F02E62C96B98A00E68EB1 /* EnumCases.swift in Sources */ = {isa = PBXBuildFile; fileRef = 337F02E52C96B98A00E68EB1 /* EnumCases.swift */; };
		337F02E82C96BCE900E68EB1 /* Service.swift in Sources */ = {isa = PBXBuildFile; fileRef = 337F02E72C96BCE900E68EB1 /* Service.swift */; };
/* End PBXBuildFile section */

/* Begin PBXContainerItemProxy section */
		33198E182C95FF8F00CC5BFE /* PBXContainerItemProxy */ = {
			isa = PBXContainerItemProxy;
			containerPortal = 33198DF92C95FF8D00CC5BFE /* Project object */;
			proxyType = 1;
			remoteGlobalIDString = 33198E002C95FF8D00CC5BFE;
			remoteInfo = MoviesApp;
		};
		33198E222C95FF8F00CC5BFE /* PBXContainerItemProxy */ = {
			isa = PBXContainerItemProxy;
			containerPortal = 33198DF92C95FF8D00CC5BFE /* Project object */;
			proxyType = 1;
			remoteGlobalIDString = 33198E002C95FF8D00CC5BFE;
			remoteInfo = MoviesApp;
		};
/* End PBXContainerItemProxy section */

/* Begin PBXFileReference section */
		33198E012C95FF8D00CC5BFE /* MoviesApp.app */ = {isa = PBXFileReference; explicitFileType = wrapper.application; includeInIndex = 0; path = MoviesApp.app; sourceTree = BUILT_PRODUCTS_DIR; };
		33198E042C95FF8D00CC5BFE /* AppDelegate.swift */ = {isa = PBXFileReference; lastKnownFileType = sourcecode.swift; path = AppDelegate.swift; sourceTree = "<group>"; };
		33198E062C95FF8D00CC5BFE /* SceneDelegate.swift */ = {isa = PBXFileReference; lastKnownFileType = sourcecode.swift; path = SceneDelegate.swift; sourceTree = "<group>"; };
		33198E0B2C95FF8D00CC5BFE /* Base */ = {isa = PBXFileReference; lastKnownFileType = file.storyboard; name = Base; path = Base.lproj/Main.storyboard; sourceTree = "<group>"; };
		33198E0D2C95FF8F00CC5BFE /* Assets.xcassets */ = {isa = PBXFileReference; lastKnownFileType = folder.assetcatalog; path = Assets.xcassets; sourceTree = "<group>"; };
		33198E102C95FF8F00CC5BFE /* Base */ = {isa = PBXFileReference; lastKnownFileType = file.storyboard; name = Base; path = Base.lproj/LaunchScreen.storyboard; sourceTree = "<group>"; };
		33198E122C95FF8F00CC5BFE /* Info.plist */ = {isa = PBXFileReference; lastKnownFileType = text.plist.xml; path = Info.plist; sourceTree = "<group>"; };
		33198E172C95FF8F00CC5BFE /* MoviesAppTests.xctest */ = {isa = PBXFileReference; explicitFileType = wrapper.cfbundle; includeInIndex = 0; path = MoviesAppTests.xctest; sourceTree = BUILT_PRODUCTS_DIR; };
		33198E1B2C95FF8F00CC5BFE /* MoviesAppTests.swift */ = {isa = PBXFileReference; lastKnownFileType = sourcecode.swift; path = MoviesAppTests.swift; sourceTree = "<group>"; };
		33198E212C95FF8F00CC5BFE /* MoviesAppUITests.xctest */ = {isa = PBXFileReference; explicitFileType = wrapper.cfbundle; includeInIndex = 0; path = MoviesAppUITests.xctest; sourceTree = BUILT_PRODUCTS_DIR; };
		33198E252C95FF8F00CC5BFE /* MoviesAppUITests.swift */ = {isa = PBXFileReference; lastKnownFileType = sourcecode.swift; path = MoviesAppUITests.swift; sourceTree = "<group>"; };
		33198E272C95FF8F00CC5BFE /* MoviesAppUITestsLaunchTests.swift */ = {isa = PBXFileReference; lastKnownFileType = sourcecode.swift; path = MoviesAppUITestsLaunchTests.swift; sourceTree = "<group>"; };
		334B1E9F2C967DFF00CD65CC /* MoviesTableViewCell.swift */ = {isa = PBXFileReference; lastKnownFileType = sourcecode.swift; path = MoviesTableViewCell.swift; sourceTree = "<group>"; };
		334B1EA12C967E1900CD65CC /* Constants.swift */ = {isa = PBXFileReference; lastKnownFileType = sourcecode.swift; path = Constants.swift; sourceTree = "<group>"; };
		334B1EA32C967E2600CD65CC /* Model.swift */ = {isa = PBXFileReference; lastKnownFileType = sourcecode.swift; path = Model.swift; sourceTree = "<group>"; };
		334B1EA72C96862300CD65CC /* MovieDetailsViewController.swift */ = {isa = PBXFileReference; lastKnownFileType = sourcecode.swift; path = MovieDetailsViewController.swift; sourceTree = "<group>"; };
		334B1EA92C96873200CD65CC /* SplashViewController.swift */ = {isa = PBXFileReference; lastKnownFileType = sourcecode.swift; path = SplashViewController.swift; sourceTree = "<group>"; };
		337F02DB2C96A94A00E68EB1 /* MovieListViewController.swift */ = {isa = PBXFileReference; lastKnownFileType = sourcecode.swift; path = MovieListViewController.swift; sourceTree = "<group>"; };
		337F02DD2C96B5D400E68EB1 /* NetworkStatus.swift */ = {isa = PBXFileReference; lastKnownFileType = sourcecode.swift; path = NetworkStatus.swift; sourceTree = "<group>"; };
		337F02DF2C96B71400E68EB1 /* FIOProgressView.swift */ = {isa = PBXFileReference; lastKnownFileType = sourcecode.swift; path = FIOProgressView.swift; sourceTree = "<group>"; };
		337F02E22C96B79D00E68EB1 /* CustomAlert.swift */ = {isa = PBXFileReference; lastKnownFileType = sourcecode.swift; path = CustomAlert.swift; sourceTree = "<group>"; };
		337F02E52C96B98A00E68EB1 /* EnumCases.swift */ = {isa = PBXFileReference; lastKnownFileType = sourcecode.swift; path = EnumCases.swift; sourceTree = "<group>"; };
		337F02E72C96BCE900E68EB1 /* Service.swift */ = {isa = PBXFileReference; lastKnownFileType = sourcecode.swift; path = Service.swift; sourceTree = "<group>"; };
/* End PBXFileReference section */

/* Begin PBXFrameworksBuildPhase section */
		33198DFE2C95FF8D00CC5BFE /* Frameworks */ = {
			isa = PBXFrameworksBuildPhase;
			buildActionMask = 2147483647;
			files = (
			);
			runOnlyForDeploymentPostprocessing = 0;
		};
		33198E142C95FF8F00CC5BFE /* Frameworks */ = {
			isa = PBXFrameworksBuildPhase;
			buildActionMask = 2147483647;
			files = (
			);
			runOnlyForDeploymentPostprocessing = 0;
		};
		33198E1E2C95FF8F00CC5BFE /* Frameworks */ = {
			isa = PBXFrameworksBuildPhase;
			buildActionMask = 2147483647;
			files = (
			);
			runOnlyForDeploymentPostprocessing = 0;
		};
/* End PBXFrameworksBuildPhase section */

/* Begin PBXGroup section */
		33198DF82C95FF8D00CC5BFE = {
			isa = PBXGroup;
			children = (
				33198E032C95FF8D00CC5BFE /* MoviesApp */,
				33198E1A2C95FF8F00CC5BFE /* MoviesAppTests */,
				33198E242C95FF8F00CC5BFE /* MoviesAppUITests */,
				33198E022C95FF8D00CC5BFE /* Products */,
			);
			sourceTree = "<group>";
		};
		33198E022C95FF8D00CC5BFE /* Products */ = {
			isa = PBXGroup;
			children = (
				33198E012C95FF8D00CC5BFE /* MoviesApp.app */,
				33198E172C95FF8F00CC5BFE /* MoviesAppTests.xctest */,
				33198E212C95FF8F00CC5BFE /* MoviesAppUITests.xctest */,
			);
			name = Products;
			sourceTree = "<group>";
		};
		33198E032C95FF8D00CC5BFE /* MoviesApp */ = {
			isa = PBXGroup;
			children = (
				334B1E9E2C967D0700CD65CC /* ViewModel */,
				334B1E9D2C967CF500CD65CC /* Model */,
				334B1E9C2C967CE900CD65CC /* Constants */,
				334B1E9B2C967CD100CD65CC /* Resource */,
				334B1E992C967CA100CD65CC /* Cells */,
				334B1E982C967C8800CD65CC /* View */,
				334B1E9A2C967CAC00CD65CC /* StoryBoard */,
				33198E0D2C95FF8F00CC5BFE /* Assets.xcassets */,
				33198E122C95FF8F00CC5BFE /* Info.plist */,
			);
			path = MoviesApp;
			sourceTree = "<group>";
		};
		33198E1A2C95FF8F00CC5BFE /* MoviesAppTests */ = {
			isa = PBXGroup;
			children = (
				33198E1B2C95FF8F00CC5BFE /* MoviesAppTests.swift */,
			);
			path = MoviesAppTests;
			sourceTree = "<group>";
		};
		33198E242C95FF8F00CC5BFE /* MoviesAppUITests */ = {
			isa = PBXGroup;
			children = (
				33198E252C95FF8F00CC5BFE /* MoviesAppUITests.swift */,
				33198E272C95FF8F00CC5BFE /* MoviesAppUITestsLaunchTests.swift */,
			);
			path = MoviesAppUITests;
			sourceTree = "<group>";
		};
		334B1E982C967C8800CD65CC /* View */ = {
			isa = PBXGroup;
			children = (
				334B1EA72C96862300CD65CC /* MovieDetailsViewController.swift */,
				334B1EA92C96873200CD65CC /* SplashViewController.swift */,
				337F02DB2C96A94A00E68EB1 /* MovieListViewController.swift */,
			);
			path = View;
			sourceTree = "<group>";
		};
		334B1E992C967CA100CD65CC /* Cells */ = {
			isa = PBXGroup;
			children = (
				334B1E9F2C967DFF00CD65CC /* MoviesTableViewCell.swift */,
			);
			path = Cells;
			sourceTree = "<group>";
		};
		334B1E9A2C967CAC00CD65CC /* StoryBoard */ = {
			isa = PBXGroup;
			children = (
				33198E0A2C95FF8D00CC5BFE /* Main.storyboard */,
				33198E0F2C95FF8F00CC5BFE /* LaunchScreen.storyboard */,
			);
			path = StoryBoard;
			sourceTree = "<group>";
		};
		334B1E9B2C967CD100CD65CC /* Resource */ = {
			isa = PBXGroup;
			children = (
				33198E042C95FF8D00CC5BFE /* AppDelegate.swift */,
				33198E062C95FF8D00CC5BFE /* SceneDelegate.swift */,
			);
			path = Resource;
			sourceTree = "<group>";
		};
		334B1E9C2C967CE900CD65CC /* Constants */ = {
			isa = PBXGroup;
			children = (
				337F02E12C96B77D00E68EB1 /* Custom-Class */,
				334B1EA12C967E1900CD65CC /* Constants.swift */,
			);
			path = Constants;
			sourceTree = "<group>";
		};
		334B1E9D2C967CF500CD65CC /* Model */ = {
			isa = PBXGroup;
			children = (
				334B1EA32C967E2600CD65CC /* Model.swift */,
			);
			path = Model;
			sourceTree = "<group>";
		};
		334B1E9E2C967D0700CD65CC /* ViewModel */ = {
			isa = PBXGroup;
			children = (
				337F02E72C96BCE900E68EB1 /* Service.swift */,
			);
			path = ViewModel;
			sourceTree = "<group>";
		};
		337F02E12C96B77D00E68EB1 /* Custom-Class */ = {
			isa = PBXGroup;
			children = (
				337F02DD2C96B5D400E68EB1 /* NetworkStatus.swift */,
				337F02DF2C96B71400E68EB1 /* FIOProgressView.swift */,
				337F02E22C96B79D00E68EB1 /* CustomAlert.swift */,
				337F02E52C96B98A00E68EB1 /* EnumCases.swift */,
			);
			path = "Custom-Class";
			sourceTree = "<group>";
		};
/* End PBXGroup section */

/* Begin PBXNativeTarget section */
		33198E002C95FF8D00CC5BFE /* MoviesApp */ = {
			isa = PBXNativeTarget;
			buildConfigurationList = 33198E2B2C95FF8F00CC5BFE /* Build configuration list for PBXNativeTarget "MoviesApp" */;
			buildPhases = (
				33198DFD2C95FF8D00CC5BFE /* Sources */,
				33198DFE2C95FF8D00CC5BFE /* Frameworks */,
				33198DFF2C95FF8D00CC5BFE /* Resources */,
			);
			buildRules = (
			);
			dependencies = (
			);
			name = MoviesApp;
			productName = MoviesApp;
			productReference = 33198E012C95FF8D00CC5BFE /* MoviesApp.app */;
			productType = "com.apple.product-type.application";
		};
		33198E162C95FF8F00CC5BFE /* MoviesAppTests */ = {
			isa = PBXNativeTarget;
			buildConfigurationList = 33198E2E2C95FF8F00CC5BFE /* Build configuration list for PBXNativeTarget "MoviesAppTests" */;
			buildPhases = (
				33198E132C95FF8F00CC5BFE /* Sources */,
				33198E142C95FF8F00CC5BFE /* Frameworks */,
				33198E152C95FF8F00CC5BFE /* Resources */,
			);
			buildRules = (
			);
			dependencies = (
				33198E192C95FF8F00CC5BFE /* PBXTargetDependency */,
			);
			name = MoviesAppTests;
			productName = MoviesAppTests;
			productReference = 33198E172C95FF8F00CC5BFE /* MoviesAppTests.xctest */;
			productType = "com.apple.product-type.bundle.unit-test";
		};
		33198E202C95FF8F00CC5BFE /* MoviesAppUITests */ = {
			isa = PBXNativeTarget;
			buildConfigurationList = 33198E312C95FF8F00CC5BFE /* Build configuration list for PBXNativeTarget "MoviesAppUITests" */;
			buildPhases = (
				33198E1D2C95FF8F00CC5BFE /* Sources */,
				33198E1E2C95FF8F00CC5BFE /* Frameworks */,
				33198E1F2C95FF8F00CC5BFE /* Resources */,
			);
			buildRules = (
			);
			dependencies = (
				33198E232C95FF8F00CC5BFE /* PBXTargetDependency */,
			);
			name = MoviesAppUITests;
			productName = MoviesAppUITests;
			productReference = 33198E212C95FF8F00CC5BFE /* MoviesAppUITests.xctest */;
			productType = "com.apple.product-type.bundle.ui-testing";
		};
/* End PBXNativeTarget section */

/* Begin PBXProject section */
		33198DF92C95FF8D00CC5BFE /* Project object */ = {
			isa = PBXProject;
			attributes = {
				BuildIndependentTargetsInParallel = 1;
				LastSwiftUpdateCheck = 1540;
				LastUpgradeCheck = 1540;
				TargetAttributes = {
					33198E002C95FF8D00CC5BFE = {
						CreatedOnToolsVersion = 15.4;
					};
					33198E162C95FF8F00CC5BFE = {
						CreatedOnToolsVersion = 15.4;
						TestTargetID = 33198E002C95FF8D00CC5BFE;
					};
					33198E202C95FF8F00CC5BFE = {
						CreatedOnToolsVersion = 15.4;
						TestTargetID = 33198E002C95FF8D00CC5BFE;
					};
				};
			};
			buildConfigurationList = 33198DFC2C95FF8D00CC5BFE /* Build configuration list for PBXProject "MoviesApp" */;
			compatibilityVersion = "Xcode 14.0";
			developmentRegion = en;
			hasScannedForEncodings = 0;
			knownRegions = (
				en,
				Base,
			);
			mainGroup = 33198DF82C95FF8D00CC5BFE;
			productRefGroup = 33198E022C95FF8D00CC5BFE /* Products */;
			projectDirPath = "";
			projectRoot = "";
			targets = (
				33198E002C95FF8D00CC5BFE /* MoviesApp */,
				33198E162C95FF8F00CC5BFE /* MoviesAppTests */,
				33198E202C95FF8F00CC5BFE /* MoviesAppUITests */,
			);
		};
/* End PBXProject section */

/* Begin PBXResourcesBuildPhase section */
		33198DFF2C95FF8D00CC5BFE /* Resources */ = {
			isa = PBXResourcesBuildPhase;
			buildActionMask = 2147483647;
			files = (
				33198E0E2C95FF8F00CC5BFE /* Assets.xcassets in Resources */,
				33198E112C95FF8F00CC5BFE /* Base in Resources */,
				33198E0C2C95FF8D00CC5BFE /* Base in Resources */,
			);
			runOnlyForDeploymentPostprocessing = 0;
		};
		33198E152C95FF8F00CC5BFE /* Resources */ = {
			isa = PBXResourcesBuildPhase;
			buildActionMask = 2147483647;
			files = (
			);
			runOnlyForDeploymentPostprocessing = 0;
		};
		33198E1F2C95FF8F00CC5BFE /* Resources */ = {
			isa = PBXResourcesBuildPhase;
			buildActionMask = 2147483647;
			files = (
			);
			runOnlyForDeploymentPostprocessing = 0;
		};
/* End PBXResourcesBuildPhase section */

/* Begin PBXSourcesBuildPhase section */
		33198DFD2C95FF8D00CC5BFE /* Sources */ = {
			isa = PBXSourcesBuildPhase;
			buildActionMask = 2147483647;
			files = (
				334B1EA82C96862300CD65CC /* MovieDetailsViewController.swift in Sources */,
				337F02E82C96BCE900E68EB1 /* Service.swift in Sources */,
				337F02DC2C96A94A00E68EB1 /* MovieListViewController.swift in Sources */,
				334B1EA22C967E1900CD65CC /* Constants.swift in Sources */,
				337F02DE2C96B5D400E68EB1 /* NetworkStatus.swift in Sources */,
				334B1EAA2C96873200CD65CC /* SplashViewController.swift in Sources */,
				337F02E02C96B71400E68EB1 /* FIOProgressView.swift in Sources */,
				337F02E62C96B98A00E68EB1 /* EnumCases.swift in Sources */,
				33198E052C95FF8D00CC5BFE /* AppDelegate.swift in Sources */,
				334B1EA42C967E2600CD65CC /* Model.swift in Sources */,
				334B1EA02C967DFF00CD65CC /* MoviesTableViewCell.swift in Sources */,
				337F02E32C96B79D00E68EB1 /* CustomAlert.swift in Sources */,
				33198E072C95FF8D00CC5BFE /* SceneDelegate.swift in Sources */,
			);
			runOnlyForDeploymentPostprocessing = 0;
		};
		33198E132C95FF8F00CC5BFE /* Sources */ = {
			isa = PBXSourcesBuildPhase;
			buildActionMask = 2147483647;
			files = (
				33198E1C2C95FF8F00CC5BFE /* MoviesAppTests.swift in Sources */,
			);
			runOnlyForDeploymentPostprocessing = 0;
		};
		33198E1D2C95FF8F00CC5BFE /* Sources */ = {
			isa = PBXSourcesBuildPhase;
			buildActionMask = 2147483647;
			files = (
				33198E262C95FF8F00CC5BFE /* MoviesAppUITests.swift in Sources */,
				33198E282C95FF8F00CC5BFE /* MoviesAppUITestsLaunchTests.swift in Sources */,
			);
			runOnlyForDeploymentPostprocessing = 0;
		};
/* End PBXSourcesBuildPhase section */

/* Begin PBXTargetDependency section */
		33198E192C95FF8F00CC5BFE /* PBXTargetDependency */ = {
			isa = PBXTargetDependency;
			target = 33198E002C95FF8D00CC5BFE /* MoviesApp */;
			targetProxy = 33198E182C95FF8F00CC5BFE /* PBXContainerItemProxy */;
		};
		33198E232C95FF8F00CC5BFE /* PBXTargetDependency */ = {
			isa = PBXTargetDependency;
			target = 33198E002C95FF8D00CC5BFE /* MoviesApp */;
			targetProxy = 33198E222C95FF8F00CC5BFE /* PBXContainerItemProxy */;
		};
/* End PBXTargetDependency section */

/* Begin PBXVariantGroup section */
		33198E0A2C95FF8D00CC5BFE /* Main.storyboard */ = {
			isa = PBXVariantGroup;
			children = (
				33198E0B2C95FF8D00CC5BFE /* Base */,
			);
			name = Main.storyboard;
			sourceTree = "<group>";
		};
		33198E0F2C95FF8F00CC5BFE /* LaunchScreen.storyboard */ = {
			isa = PBXVariantGroup;
			children = (
				33198E102C95FF8F00CC5BFE /* Base */,
			);
			name = LaunchScreen.storyboard;
			sourceTree = "<group>";
		};
/* End PBXVariantGroup section */

/* Begin XCBuildConfiguration section */
		33198E292C95FF8F00CC5BFE /* Debug */ = {
			isa = XCBuildConfiguration;
			buildSettings = {
				ALWAYS_SEARCH_USER_PATHS = NO;
				ASSETCATALOG_COMPILER_GENERATE_SWIFT_ASSET_SYMBOL_EXTENSIONS = YES;
				CLANG_ANALYZER_NONNULL = YES;
				CLANG_ANALYZER_NUMBER_OBJECT_CONVERSION = YES_AGGRESSIVE;
				CLANG_CXX_LANGUAGE_STANDARD = "gnu++20";
				CLANG_ENABLE_MODULES = YES;
				CLANG_ENABLE_OBJC_ARC = YES;
				CLANG_ENABLE_OBJC_WEAK = YES;
				CLANG_WARN_BLOCK_CAPTURE_AUTORELEASING = YES;
				CLANG_WARN_BOOL_CONVERSION = YES;
				CLANG_WARN_COMMA = YES;
				CLANG_WARN_CONSTANT_CONVERSION = YES;
				CLANG_WARN_DEPRECATED_OBJC_IMPLEMENTATIONS = YES;
				CLANG_WARN_DIRECT_OBJC_ISA_USAGE = YES_ERROR;
				CLANG_WARN_DOCUMENTATION_COMMENTS = YES;
				CLANG_WARN_EMPTY_BODY = YES;
				CLANG_WARN_ENUM_CONVERSION = YES;
				CLANG_WARN_INFINITE_RECURSION = YES;
				CLANG_WARN_INT_CONVERSION = YES;
				CLANG_WARN_NON_LITERAL_NULL_CONVERSION = YES;
				CLANG_WARN_OBJC_IMPLICIT_RETAIN_SELF = YES;
				CLANG_WARN_OBJC_LITERAL_CONVERSION = YES;
				CLANG_WARN_OBJC_ROOT_CLASS = YES_ERROR;
				CLANG_WARN_QUOTED_INCLUDE_IN_FRAMEWORK_HEADER = YES;
				CLANG_WARN_RANGE_LOOP_ANALYSIS = YES;
				CLANG_WARN_STRICT_PROTOTYPES = YES;
				CLANG_WARN_SUSPICIOUS_MOVE = YES;
				CLANG_WARN_UNGUARDED_AVAILABILITY = YES_AGGRESSIVE;
				CLANG_WARN_UNREACHABLE_CODE = YES;
				CLANG_WARN__DUPLICATE_METHOD_MATCH = YES;
				COPY_PHASE_STRIP = NO;
				DEBUG_INFORMATION_FORMAT = dwarf;
				ENABLE_STRICT_OBJC_MSGSEND = YES;
				ENABLE_TESTABILITY = YES;
				ENABLE_USER_SCRIPT_SANDBOXING = YES;
				GCC_C_LANGUAGE_STANDARD = gnu17;
				GCC_DYNAMIC_NO_PIC = NO;
				GCC_NO_COMMON_BLOCKS = YES;
				GCC_OPTIMIZATION_LEVEL = 0;
				GCC_PREPROCESSOR_DEFINITIONS = (
					"DEBUG=1",
					"$(inherited)",
				);
				GCC_WARN_64_TO_32_BIT_CONVERSION = YES;
				GCC_WARN_ABOUT_RETURN_TYPE = YES_ERROR;
				GCC_WARN_UNDECLARED_SELECTOR = YES;
				GCC_WARN_UNINITIALIZED_AUTOS = YES_AGGRESSIVE;
				GCC_WARN_UNUSED_FUNCTION = YES;
				GCC_WARN_UNUSED_VARIABLE = YES;
				IPHONEOS_DEPLOYMENT_TARGET = 17.5;
				LOCALIZATION_PREFERS_STRING_CATALOGS = YES;
				MTL_ENABLE_DEBUG_INFO = INCLUDE_SOURCE;
				MTL_FAST_MATH = YES;
				ONLY_ACTIVE_ARCH = YES;
				SDKROOT = iphoneos;
				SWIFT_ACTIVE_COMPILATION_CONDITIONS = "DEBUG $(inherited)";
				SWIFT_OPTIMIZATION_LEVEL = "-Onone";
			};
			name = Debug;
		};
		33198E2A2C95FF8F00CC5BFE /* Release */ = {
			isa = XCBuildConfiguration;
			buildSettings = {
				ALWAYS_SEARCH_USER_PATHS = NO;
				ASSETCATALOG_COMPILER_GENERATE_SWIFT_ASSET_SYMBOL_EXTENSIONS = YES;
				CLANG_ANALYZER_NONNULL = YES;
				CLANG_ANALYZER_NUMBER_OBJECT_CONVERSION = YES_AGGRESSIVE;
				CLANG_CXX_LANGUAGE_STANDARD = "gnu++20";
				CLANG_ENABLE_MODULES = YES;
				CLANG_ENABLE_OBJC_ARC = YES;
				CLANG_ENABLE_OBJC_WEAK = YES;
				CLANG_WARN_BLOCK_CAPTURE_AUTORELEASING = YES;
				CLANG_WARN_BOOL_CONVERSION = YES;
				CLANG_WARN_COMMA = YES;
				CLANG_WARN_CONSTANT_CONVERSION = YES;
				CLANG_WARN_DEPRECATED_OBJC_IMPLEMENTATIONS = YES;
				CLANG_WARN_DIRECT_OBJC_ISA_USAGE = YES_ERROR;
				CLANG_WARN_DOCUMENTATION_COMMENTS = YES;
				CLANG_WARN_EMPTY_BODY = YES;
				CLANG_WARN_ENUM_CONVERSION = YES;
				CLANG_WARN_INFINITE_RECURSION = YES;
				CLANG_WARN_INT_CONVERSION = YES;
				CLANG_WARN_NON_LITERAL_NULL_CONVERSION = YES;
				CLANG_WARN_OBJC_IMPLICIT_RETAIN_SELF = YES;
				CLANG_WARN_OBJC_LITERAL_CONVERSION = YES;
				CLANG_WARN_OBJC_ROOT_CLASS = YES_ERROR;
				CLANG_WARN_QUOTED_INCLUDE_IN_FRAMEWORK_HEADER = YES;
				CLANG_WARN_RANGE_LOOP_ANALYSIS = YES;
				CLANG_WARN_STRICT_PROTOTYPES = YES;
				CLANG_WARN_SUSPICIOUS_MOVE = YES;
				CLANG_WARN_UNGUARDED_AVAILABILITY = YES_AGGRESSIVE;
				CLANG_WARN_UNREACHABLE_CODE = YES;
				CLANG_WARN__DUPLICATE_METHOD_MATCH = YES;
				COPY_PHASE_STRIP = NO;
				DEBUG_INFORMATION_FORMAT = "dwarf-with-dsym";
				ENABLE_NS_ASSERTIONS = NO;
				ENABLE_STRICT_OBJC_MSGSEND = YES;
				ENABLE_USER_SCRIPT_SANDBOXING = YES;
				GCC_C_LANGUAGE_STANDARD = gnu17;
				GCC_NO_COMMON_BLOCKS = YES;
				GCC_WARN_64_TO_32_BIT_CONVERSION = YES;
				GCC_WARN_ABOUT_RETURN_TYPE = YES_ERROR;
				GCC_WARN_UNDECLARED_SELECTOR = YES;
				GCC_WARN_UNINITIALIZED_AUTOS = YES_AGGRESSIVE;
				GCC_WARN_UNUSED_FUNCTION = YES;
				GCC_WARN_UNUSED_VARIABLE = YES;
				IPHONEOS_DEPLOYMENT_TARGET = 17.5;
				LOCALIZATION_PREFERS_STRING_CATALOGS = YES;
				MTL_ENABLE_DEBUG_INFO = NO;
				MTL_FAST_MATH = YES;
				SDKROOT = iphoneos;
				SWIFT_COMPILATION_MODE = wholemodule;
				VALIDATE_PRODUCT = YES;
			};
			name = Release;
		};
		33198E2C2C95FF8F00CC5BFE /* Debug */ = {
			isa = XCBuildConfiguration;
			buildSettings = {
				ASSETCATALOG_COMPILER_APPICON_NAME = AppIcon;
				ASSETCATALOG_COMPILER_GLOBAL_ACCENT_COLOR_NAME = AccentColor;
				CODE_SIGN_STYLE = Automatic;
				CURRENT_PROJECT_VERSION = 1;
				DEVELOPMENT_TEAM = XXX797FCW8;
				GENERATE_INFOPLIST_FILE = YES;
				INFOPLIST_FILE = MoviesApp/Info.plist;
				INFOPLIST_KEY_UIApplicationSupportsIndirectInputEvents = YES;
				INFOPLIST_KEY_UILaunchStoryboardName = Main;
				INFOPLIST_KEY_UIMainStoryboardFile = Main;
				INFOPLIST_KEY_UISupportedInterfaceOrientations = UIInterfaceOrientationPortrait;
				INFOPLIST_KEY_UISupportedInterfaceOrientations_iPad = "UIInterfaceOrientationLandscapeLeft UIInterfaceOrientationLandscapeRight UIInterfaceOrientationPortrait UIInterfaceOrientationPortraitUpsideDown";
				LD_RUNPATH_SEARCH_PATHS = (
					"$(inherited)",
					"@executable_path/Frameworks",
				);
				MARKETING_VERSION = 1.0;
				PRODUCT_BUNDLE_IDENTIFIER = "com.ambi-learnings.MoviesApp";
				PRODUCT_NAME = "$(TARGET_NAME)";
				SUPPORTED_PLATFORMS = "iphoneos iphonesimulator";
				SUPPORTS_MACCATALYST = NO;
				SUPPORTS_MAC_DESIGNED_FOR_IPHONE_IPAD = NO;
				SUPPORTS_XR_DESIGNED_FOR_IPHONE_IPAD = NO;
				SWIFT_EMIT_LOC_STRINGS = YES;
				SWIFT_VERSION = 5.0;
				TARGETED_DEVICE_FAMILY = 1;
			};
			name = Debug;
		};
		33198E2D2C95FF8F00CC5BFE /* Release */ = {
			isa = XCBuildConfiguration;
			buildSettings = {
				ASSETCATALOG_COMPILER_APPICON_NAME = AppIcon;
				ASSETCATALOG_COMPILER_GLOBAL_ACCENT_COLOR_NAME = AccentColor;
				CODE_SIGN_STYLE = Automatic;
				CURRENT_PROJECT_VERSION = 1;
				DEVELOPMENT_TEAM = XXX797FCW8;
				GENERATE_INFOPLIST_FILE = YES;
				INFOPLIST_FILE = MoviesApp/Info.plist;
				INFOPLIST_KEY_UIApplicationSupportsIndirectInputEvents = YES;
				INFOPLIST_KEY_UILaunchStoryboardName = Main;
				INFOPLIST_KEY_UIMainStoryboardFile = Main;
				INFOPLIST_KEY_UISupportedInterfaceOrientations = UIInterfaceOrientationPortrait;
				INFOPLIST_KEY_UISupportedInterfaceOrientations_iPad = "UIInterfaceOrientationLandscapeLeft UIInterfaceOrientationLandscapeRight UIInterfaceOrientationPortrait UIInterfaceOrientationPortraitUpsideDown";
				LD_RUNPATH_SEARCH_PATHS = (
					"$(inherited)",
					"@executable_path/Frameworks",
				);
				MARKETING_VERSION = 1.0;
				PRODUCT_BUNDLE_IDENTIFIER = "com.ambi-learnings.MoviesApp";
				PRODUCT_NAME = "$(TARGET_NAME)";
				SUPPORTED_PLATFORMS = "iphoneos iphonesimulator";
				SUPPORTS_MACCATALYST = NO;
				SUPPORTS_MAC_DESIGNED_FOR_IPHONE_IPAD = NO;
				SUPPORTS_XR_DESIGNED_FOR_IPHONE_IPAD = NO;
				SWIFT_EMIT_LOC_STRINGS = YES;
				SWIFT_VERSION = 5.0;
				TARGETED_DEVICE_FAMILY = 1;
			};
			name = Release;
		};
		33198E2F2C95FF8F00CC5BFE /* Debug */ = {
			isa = XCBuildConfiguration;
			buildSettings = {
				ALWAYS_EMBED_SWIFT_STANDARD_LIBRARIES = YES;
				BUNDLE_LOADER = "$(TEST_HOST)";
				CODE_SIGN_STYLE = Automatic;
				CURRENT_PROJECT_VERSION = 1;
				DEVELOPMENT_TEAM = XXX797FCW8;
				GENERATE_INFOPLIST_FILE = YES;
				IPHONEOS_DEPLOYMENT_TARGET = 17.5;
				MARKETING_VERSION = 1.0;
				PRODUCT_BUNDLE_IDENTIFIER = "com.ambi-learnings.MoviesAppTests";
				PRODUCT_NAME = "$(TARGET_NAME)";
				SWIFT_EMIT_LOC_STRINGS = NO;
				SWIFT_VERSION = 5.0;
				TARGETED_DEVICE_FAMILY = "1,2";
				TEST_HOST = "$(BUILT_PRODUCTS_DIR)/MoviesApp.app/$(BUNDLE_EXECUTABLE_FOLDER_PATH)/MoviesApp";
			};
			name = Debug;
		};
		33198E302C95FF8F00CC5BFE /* Release */ = {
			isa = XCBuildConfiguration;
			buildSettings = {
				ALWAYS_EMBED_SWIFT_STANDARD_LIBRARIES = YES;
				BUNDLE_LOADER = "$(TEST_HOST)";
				CODE_SIGN_STYLE = Automatic;
				CURRENT_PROJECT_VERSION = 1;
				DEVELOPMENT_TEAM = XXX797FCW8;
				GENERATE_INFOPLIST_FILE = YES;
				IPHONEOS_DEPLOYMENT_TARGET = 17.5;
				MARKETING_VERSION = 1.0;
				PRODUCT_BUNDLE_IDENTIFIER = "com.ambi-learnings.MoviesAppTests";
				PRODUCT_NAME = "$(TARGET_NAME)";
				SWIFT_EMIT_LOC_STRINGS = NO;
				SWIFT_VERSION = 5.0;
				TARGETED_DEVICE_FAMILY = "1,2";
				TEST_HOST = "$(BUILT_PRODUCTS_DIR)/MoviesApp.app/$(BUNDLE_EXECUTABLE_FOLDER_PATH)/MoviesApp";
			};
			name = Release;
		};
		33198E322C95FF8F00CC5BFE /* Debug */ = {
			isa = XCBuildConfiguration;
			buildSettings = {
				ALWAYS_EMBED_SWIFT_STANDARD_LIBRARIES = YES;
				CODE_SIGN_STYLE = Automatic;
				CURRENT_PROJECT_VERSION = 1;
				DEVELOPMENT_TEAM = XXX797FCW8;
				GENERATE_INFOPLIST_FILE = YES;
				MARKETING_VERSION = 1.0;
				PRODUCT_BUNDLE_IDENTIFIER = "com.ambi-learnings.MoviesAppUITests";
				PRODUCT_NAME = "$(TARGET_NAME)";
				SWIFT_EMIT_LOC_STRINGS = NO;
				SWIFT_VERSION = 5.0;
				TARGETED_DEVICE_FAMILY = "1,2";
				TEST_TARGET_NAME = MoviesApp;
			};
			name = Debug;
		};
		33198E332C95FF8F00CC5BFE /* Release */ = {
			isa = XCBuildConfiguration;
			buildSettings = {
				ALWAYS_EMBED_SWIFT_STANDARD_LIBRARIES = YES;
				CODE_SIGN_STYLE = Automatic;
				CURRENT_PROJECT_VERSION = 1;
				DEVELOPMENT_TEAM = XXX797FCW8;
				GENERATE_INFOPLIST_FILE = YES;
				MARKETING_VERSION = 1.0;
				PRODUCT_BUNDLE_IDENTIFIER = "com.ambi-learnings.MoviesAppUITests";
				PRODUCT_NAME = "$(TARGET_NAME)";
				SWIFT_EMIT_LOC_STRINGS = NO;
				SWIFT_VERSION = 5.0;
				TARGETED_DEVICE_FAMILY = "1,2";
				TEST_TARGET_NAME = MoviesApp;
			};
			name = Release;
		};
/* End XCBuildConfiguration section */

/* Begin XCConfigurationList section */
		33198DFC2C95FF8D00CC5BFE /* Build configuration list for PBXProject "MoviesApp" */ = {
			isa = XCConfigurationList;
			buildConfigurations = (
				33198E292C95FF8F00CC5BFE /* Debug */,
				33198E2A2C95FF8F00CC5BFE /* Release */,
			);
			defaultConfigurationIsVisible = 0;
			defaultConfigurationName = Release;
		};
		33198E2B2C95FF8F00CC5BFE /* Build configuration list for PBXNativeTarget "MoviesApp" */ = {
			isa = XCConfigurationList;
			buildConfigurations = (
				33198E2C2C95FF8F00CC5BFE /* Debug */,
				33198E2D2C95FF8F00CC5BFE /* Release */,
			);
			defaultConfigurationIsVisible = 0;
			defaultConfigurationName = Release;
		};
		33198E2E2C95FF8F00CC5BFE /* Build configuration list for PBXNativeTarget "MoviesAppTests" */ = {
			isa = XCConfigurationList;
			buildConfigurations = (
				33198E2F2C95FF8F00CC5BFE /* Debug */,
				33198E302C95FF8F00CC5BFE /* Release */,
			);
			defaultConfigurationIsVisible = 0;
			defaultConfigurationName = Release;
		};
		33198E312C95FF8F00CC5BFE /* Build configuration list for PBXNativeTarget "MoviesAppUITests" */ = {
			isa = XCConfigurationList;
			buildConfigurations = (
				33198E322C95FF8F00CC5BFE /* Debug */,
				33198E332C95FF8F00CC5BFE /* Release */,
			);
			defaultConfigurationIsVisible = 0;
			defaultConfigurationName = Release;
		};
/* End XCConfigurationList section */
	};
	rootObject = 33198DF92C95FF8D00CC5BFE /* Project object */;
}
